// !$*UTF8*$!
{
	archiveVersion = 1;
	classes = {
	};
	objectVersion = 51;
	objects = {

/* Begin PBXBuildFile section */
		0E1F7C7A22E520EB0003FD6C /* LocationCell.m in Sources */ = {isa = PBXBuildFile; fileRef = 0E1F7C7922E520EB0003FD6C /* LocationCell.m */; };
		0E1F7C8022E5221C0003FD6C /* LocationsViewController.m in Sources */ = {isa = PBXBuildFile; fileRef = 0E1F7C7F22E5221C0003FD6C /* LocationsViewController.m */; };
		0E45A03D22DD92B8005D798F /* SignUpViewController.m in Sources */ = {isa = PBXBuildFile; fileRef = 0E45A03C22DD92B8005D798F /* SignUpViewController.m */; };
		0E45A04022DD92CF005D798F /* HomeViewController.m in Sources */ = {isa = PBXBuildFile; fileRef = 0E45A03F22DD92CF005D798F /* HomeViewController.m */; };
		0E45A04322DD92ED005D798F /* RequestsViewController.m in Sources */ = {isa = PBXBuildFile; fileRef = 0E45A04222DD92ED005D798F /* RequestsViewController.m */; };
		0E45A04722DD9308005D798F /* MissionsViewController.m in Sources */ = {isa = PBXBuildFile; fileRef = 0E45A04622DD9308005D798F /* MissionsViewController.m */; };
		0E45A04C22DD9322005D798F /* ProfileViewController.m in Sources */ = {isa = PBXBuildFile; fileRef = 0E45A04B22DD9322005D798F /* ProfileViewController.m */; };
		0E45A05322DE5EDA005D798F /* Requests.storyboard in Resources */ = {isa = PBXBuildFile; fileRef = 0E45A05222DE5EDA005D798F /* Requests.storyboard */; };
		0E45A05522DE5EF3005D798F /* Missions.storyboard in Resources */ = {isa = PBXBuildFile; fileRef = 0E45A05422DE5EF2005D798F /* Missions.storyboard */; };
		0E8EFF4B22DD523500B9FE89 /* AppDelegate.m in Sources */ = {isa = PBXBuildFile; fileRef = 0E8EFF4A22DD523500B9FE89 /* AppDelegate.m */; };
		0E8EFF4E22DD523500B9FE89 /* LoginViewController.m in Sources */ = {isa = PBXBuildFile; fileRef = 0E8EFF4D22DD523500B9FE89 /* LoginViewController.m */; };
		0E8EFF5122DD523500B9FE89 /* Main.storyboard in Resources */ = {isa = PBXBuildFile; fileRef = 0E8EFF4F22DD523500B9FE89 /* Main.storyboard */; };
		0E8EFF5322DD523600B9FE89 /* Assets.xcassets in Resources */ = {isa = PBXBuildFile; fileRef = 0E8EFF5222DD523600B9FE89 /* Assets.xcassets */; };
		0E8EFF5622DD523600B9FE89 /* LaunchScreen.storyboard in Resources */ = {isa = PBXBuildFile; fileRef = 0E8EFF5422DD523600B9FE89 /* LaunchScreen.storyboard */; };
		0E8EFF5922DD523600B9FE89 /* main.m in Sources */ = {isa = PBXBuildFile; fileRef = 0E8EFF5822DD523600B9FE89 /* main.m */; };
		0E8EFF6322DD523600B9FE89 /* TaskUTests.m in Sources */ = {isa = PBXBuildFile; fileRef = 0E8EFF6222DD523600B9FE89 /* TaskUTests.m */; };
		0E8EFF6E22DD523600B9FE89 /* TaskUUITests.m in Sources */ = {isa = PBXBuildFile; fileRef = 0E8EFF6D22DD523600B9FE89 /* TaskUUITests.m */; };
		0EFEDA9A22DFE6550075A9DD /* HomeCollectionViewCell.m in Sources */ = {isa = PBXBuildFile; fileRef = 0EFEDA9922DFE6550075A9DD /* HomeCollectionViewCell.m */; };
		110C126C22DFD693009DC7DB /* ProfileTableViewCell.m in Sources */ = {isa = PBXBuildFile; fileRef = 110C126B22DFD693009DC7DB /* ProfileTableViewCell.m */; };
		110C127222DFF50B009DC7DB /* EditProfileViewController.m in Sources */ = {isa = PBXBuildFile; fileRef = 110C127122DFF50B009DC7DB /* EditProfileViewController.m */; };
		110C127422E0E6F1009DC7DB /* newProfile.storyboard in Resources */ = {isa = PBXBuildFile; fileRef = 110C127322E0E6F1009DC7DB /* newProfile.storyboard */; };
		1131D37222E118B1004A235C /* EditPasswordViewController.m in Sources */ = {isa = PBXBuildFile; fileRef = 1131D37122E118B1004A235C /* EditPasswordViewController.m */; };
		1131D37322E12096004A235C /* newTaskViewController.m in Sources */ = {isa = PBXBuildFile; fileRef = 11D2F51322DE8CC30065D70D /* newTaskViewController.m */; };
		1131D37622E129BC004A235C /* MainProfileViewController.m in Sources */ = {isa = PBXBuildFile; fileRef = 1131D37522E129BC004A235C /* MainProfileViewController.m */; };
		1131D37822E14738004A235C /* HomeView.storyboard in Resources */ = {isa = PBXBuildFile; fileRef = 1131D37722E14738004A235C /* HomeView.storyboard */; };
		1177A79422EFB08B00D1561F /* UIButtonExtension.m in Sources */ = {isa = PBXBuildFile; fileRef = 118987B222EFA0A7007F75C5 /* UIButtonExtension.m */; };
		118987AF22EF967E007F75C5 /* HomeHeaderView.m in Sources */ = {isa = PBXBuildFile; fileRef = 118987AE22EF967E007F75C5 /* HomeHeaderView.m */; };
		118F6A3E22E93CF300299B25 /* Quicksand-Medium.ttf in Resources */ = {isa = PBXBuildFile; fileRef = 118F6A3A22E93CF300299B25 /* Quicksand-Medium.ttf */; };
		118F6A3F22E93CF300299B25 /* Quicksand-Regular.ttf in Resources */ = {isa = PBXBuildFile; fileRef = 118F6A3B22E93CF300299B25 /* Quicksand-Regular.ttf */; };
		118F6A4022E93CF300299B25 /* Quicksand-Light.ttf in Resources */ = {isa = PBXBuildFile; fileRef = 118F6A3C22E93CF300299B25 /* Quicksand-Light.ttf */; };
		118F6A4122E93CF300299B25 /* Quicksand-Bold.ttf in Resources */ = {isa = PBXBuildFile; fileRef = 118F6A3D22E93CF300299B25 /* Quicksand-Bold.ttf */; };
		118F6A4E22E93D8200299B25 /* FreigSanProLigIt.otf in Resources */ = {isa = PBXBuildFile; fileRef = 118F6A4222E93D8200299B25 /* FreigSanProLigIt.otf */; };
		118F6A4F22E93D8200299B25 /* FreigSanProMed.otf in Resources */ = {isa = PBXBuildFile; fileRef = 118F6A4322E93D8200299B25 /* FreigSanProMed.otf */; };
		118F6A5022E93D8200299B25 /* FreigSanProBook.otf in Resources */ = {isa = PBXBuildFile; fileRef = 118F6A4422E93D8200299B25 /* FreigSanProBook.otf */; };
		118F6A5122E93D8200299B25 /* FreigSanProBlk.otf in Resources */ = {isa = PBXBuildFile; fileRef = 118F6A4522E93D8200299B25 /* FreigSanProBlk.otf */; };
		118F6A5222E93D8200299B25 /* FreigSanProBoldIt.otf in Resources */ = {isa = PBXBuildFile; fileRef = 118F6A4622E93D8200299B25 /* FreigSanProBoldIt.otf */; };
		118F6A5322E93D8200299B25 /* FreigSanProBlkIt.otf in Resources */ = {isa = PBXBuildFile; fileRef = 118F6A4722E93D8200299B25 /* FreigSanProBlkIt.otf */; };
		118F6A5422E93D8200299B25 /* FreigSanProLig.otf in Resources */ = {isa = PBXBuildFile; fileRef = 118F6A4822E93D8200299B25 /* FreigSanProLig.otf */; };
		118F6A5522E93D8200299B25 /* FreigSanProMedIt.otf in Resources */ = {isa = PBXBuildFile; fileRef = 118F6A4922E93D8200299B25 /* FreigSanProMedIt.otf */; };
		118F6A5622E93D8200299B25 /* FreigSanProBold.otf in Resources */ = {isa = PBXBuildFile; fileRef = 118F6A4A22E93D8200299B25 /* FreigSanProBold.otf */; };
		118F6A5722E93D8200299B25 /* FreigSanProSem.otf in Resources */ = {isa = PBXBuildFile; fileRef = 118F6A4B22E93D8200299B25 /* FreigSanProSem.otf */; };
		118F6A5822E93D8200299B25 /* FreigSanProBookIt.otf in Resources */ = {isa = PBXBuildFile; fileRef = 118F6A4C22E93D8200299B25 /* FreigSanProBookIt.otf */; };
		118F6A5922E93D8200299B25 /* FreigSanProSemIt.otf in Resources */ = {isa = PBXBuildFile; fileRef = 118F6A4D22E93D8200299B25 /* FreigSanProSemIt.otf */; };
		11D2F50D22DE5D520065D70D /* Task.m in Sources */ = {isa = PBXBuildFile; fileRef = 11D2F50C22DE5D520065D70D /* Task.m */; };
		11D2F51122DE8C130065D70D /* newTask.storyboard in Resources */ = {isa = PBXBuildFile; fileRef = 11D2F51022DE8C130065D70D /* newTask.storyboard */; };
		7AF2BDEABCE537A6B60761A2 /* Pods_TaskU.framework in Frameworks */ = {isa = PBXBuildFile; fileRef = 88CCEDA8F313441951F05FC8 /* Pods_TaskU.framework */; };
		B902D13C22DE9A5B0080B87E /* Timeline1.storyboard in Resources */ = {isa = PBXBuildFile; fileRef = B902D13B22DE9A5B0080B87E /* Timeline1.storyboard */; };
		B902D13F22DE9DE40080B87E /* Timeline1ViewController.m in Sources */ = {isa = PBXBuildFile; fileRef = B902D13E22DE9DE40080B87E /* Timeline1ViewController.m */; };
		B902D14222DE9F110080B87E /* TaskCell.m in Sources */ = {isa = PBXBuildFile; fileRef = B902D14122DE9F110080B87E /* TaskCell.m */; };
		B902D14422DFC3380080B87E /* Details.storyboard in Resources */ = {isa = PBXBuildFile; fileRef = B902D14322DFC3380080B87E /* Details.storyboard */; };
		B902D14722DFC5230080B87E /* DetailsViewController.m in Sources */ = {isa = PBXBuildFile; fileRef = B902D14622DFC5230080B87E /* DetailsViewController.m */; };
		B902D14A22E01FEC0080B87E /* DetailsStatusViewController.m in Sources */ = {isa = PBXBuildFile; fileRef = B902D14922E01FEC0080B87E /* DetailsStatusViewController.m */; };
		B902D14D22E01FFD0080B87E /* DetailsInfoViewController.m in Sources */ = {isa = PBXBuildFile; fileRef = B902D14C22E01FFD0080B87E /* DetailsInfoViewController.m */; };
		B902D19E22E61DBC0080B87E /* CurrentRequestsViewController.m in Sources */ = {isa = PBXBuildFile; fileRef = B902D19D22E61DBC0080B87E /* CurrentRequestsViewController.m */; };
		B902D1A122E61DE20080B87E /* CompletedRequestsViewController.m in Sources */ = {isa = PBXBuildFile; fileRef = B902D1A022E61DE20080B87E /* CompletedRequestsViewController.m */; };
		B902D1A422E677510080B87E /* CurrentMissionsViewController.m in Sources */ = {isa = PBXBuildFile; fileRef = B902D1A322E677510080B87E /* CurrentMissionsViewController.m */; };
		B902D1A722E677650080B87E /* CompletedMissionsViewController.m in Sources */ = {isa = PBXBuildFile; fileRef = B902D1A622E677650080B87E /* CompletedMissionsViewController.m */; };
		B902D1B122E7B8F50080B87E /* Message.storyboard in Resources */ = {isa = PBXBuildFile; fileRef = B902D1B022E7B8F50080B87E /* Message.storyboard */; };
		B902D1B422E7BA090080B87E /* AllChatsViewController.m in Sources */ = {isa = PBXBuildFile; fileRef = B902D1B322E7BA090080B87E /* AllChatsViewController.m */; };
		B902D1B722E7BA380080B87E /* ChatMessagesViewController.m in Sources */ = {isa = PBXBuildFile; fileRef = B902D1B622E7BA380080B87E /* ChatMessagesViewController.m */; };
		B902D1C422E812D90080B87E /* ContactCell.m in Sources */ = {isa = PBXBuildFile; fileRef = B902D1C322E812D90080B87E /* ContactCell.m */; };
		B902D1C722E8131F0080B87E /* YourMessageCell.m in Sources */ = {isa = PBXBuildFile; fileRef = B902D1C622E8131F0080B87E /* YourMessageCell.m */; };
		B902D1CA22E8133F0080B87E /* MyMessageCell.m in Sources */ = {isa = PBXBuildFile; fileRef = B902D1C922E8133F0080B87E /* MyMessageCell.m */; };
		B902D1CD22E8140A0080B87E /* Message.m in Sources */ = {isa = PBXBuildFile; fileRef = B902D1CC22E8140A0080B87E /* Message.m */; };
		B935548522F0AA150088A419 /* TaskCellView.xib in Resources */ = {isa = PBXBuildFile; fileRef = B935548422F0AA150088A419 /* TaskCellView.xib */; };
		B935548722F13B930088A419 /* TaskCellView2.xib in Resources */ = {isa = PBXBuildFile; fileRef = B935548622F13B930088A419 /* TaskCellView2.xib */; };
		EA8AF07189071D6D31AEDBA1 /* Pods_TaskUUITests.framework in Frameworks */ = {isa = PBXBuildFile; fileRef = D48B896C384CE49B05E8B294 /* Pods_TaskUUITests.framework */; };
		F408FE75A3A725D8B5D450B9 /* Pods_TaskUTests.framework in Frameworks */ = {isa = PBXBuildFile; fileRef = E15982F03980D47DAE8F8736 /* Pods_TaskUTests.framework */; };
/* End PBXBuildFile section */

/* Begin PBXContainerItemProxy section */
		0E8EFF5F22DD523600B9FE89 /* PBXContainerItemProxy */ = {
			isa = PBXContainerItemProxy;
			containerPortal = 0E8EFF3E22DD523500B9FE89 /* Project object */;
			proxyType = 1;
			remoteGlobalIDString = 0E8EFF4522DD523500B9FE89;
			remoteInfo = TaskU;
		};
		0E8EFF6A22DD523600B9FE89 /* PBXContainerItemProxy */ = {
			isa = PBXContainerItemProxy;
			containerPortal = 0E8EFF3E22DD523500B9FE89 /* Project object */;
			proxyType = 1;
			remoteGlobalIDString = 0E8EFF4522DD523500B9FE89;
			remoteInfo = TaskU;
		};
/* End PBXContainerItemProxy section */

/* Begin PBXFileReference section */
		0E1F7C7822E520EB0003FD6C /* LocationCell.h */ = {isa = PBXFileReference; lastKnownFileType = sourcecode.c.h; path = LocationCell.h; sourceTree = "<group>"; };
		0E1F7C7922E520EB0003FD6C /* LocationCell.m */ = {isa = PBXFileReference; lastKnownFileType = sourcecode.c.objc; path = LocationCell.m; sourceTree = "<group>"; };
		0E1F7C7E22E5221C0003FD6C /* LocationsViewController.h */ = {isa = PBXFileReference; lastKnownFileType = sourcecode.c.h; path = LocationsViewController.h; sourceTree = "<group>"; };
		0E1F7C7F22E5221C0003FD6C /* LocationsViewController.m */ = {isa = PBXFileReference; lastKnownFileType = sourcecode.c.objc; path = LocationsViewController.m; sourceTree = "<group>"; };
		0E45A03B22DD92B8005D798F /* SignUpViewController.h */ = {isa = PBXFileReference; lastKnownFileType = sourcecode.c.h; path = SignUpViewController.h; sourceTree = "<group>"; };
		0E45A03C22DD92B8005D798F /* SignUpViewController.m */ = {isa = PBXFileReference; lastKnownFileType = sourcecode.c.objc; path = SignUpViewController.m; sourceTree = "<group>"; };
		0E45A03E22DD92CF005D798F /* HomeViewController.h */ = {isa = PBXFileReference; lastKnownFileType = sourcecode.c.h; path = HomeViewController.h; sourceTree = "<group>"; };
		0E45A03F22DD92CF005D798F /* HomeViewController.m */ = {isa = PBXFileReference; lastKnownFileType = sourcecode.c.objc; path = HomeViewController.m; sourceTree = "<group>"; };
		0E45A04122DD92ED005D798F /* RequestsViewController.h */ = {isa = PBXFileReference; lastKnownFileType = sourcecode.c.h; path = RequestsViewController.h; sourceTree = "<group>"; };
		0E45A04222DD92ED005D798F /* RequestsViewController.m */ = {isa = PBXFileReference; lastKnownFileType = sourcecode.c.objc; path = RequestsViewController.m; sourceTree = "<group>"; };
		0E45A04522DD9308005D798F /* MissionsViewController.h */ = {isa = PBXFileReference; lastKnownFileType = sourcecode.c.h; path = MissionsViewController.h; sourceTree = "<group>"; };
		0E45A04622DD9308005D798F /* MissionsViewController.m */ = {isa = PBXFileReference; lastKnownFileType = sourcecode.c.objc; path = MissionsViewController.m; sourceTree = "<group>"; };
		0E45A04A22DD9322005D798F /* ProfileViewController.h */ = {isa = PBXFileReference; lastKnownFileType = sourcecode.c.h; path = ProfileViewController.h; sourceTree = "<group>"; };
		0E45A04B22DD9322005D798F /* ProfileViewController.m */ = {isa = PBXFileReference; lastKnownFileType = sourcecode.c.objc; path = ProfileViewController.m; sourceTree = "<group>"; };
		0E45A05222DE5EDA005D798F /* Requests.storyboard */ = {isa = PBXFileReference; lastKnownFileType = file.storyboard; path = Requests.storyboard; sourceTree = "<group>"; };
		0E45A05422DE5EF2005D798F /* Missions.storyboard */ = {isa = PBXFileReference; lastKnownFileType = file.storyboard; path = Missions.storyboard; sourceTree = "<group>"; };
		0E8EFF4622DD523500B9FE89 /* TaskU.app */ = {isa = PBXFileReference; explicitFileType = wrapper.application; includeInIndex = 0; path = TaskU.app; sourceTree = BUILT_PRODUCTS_DIR; };
		0E8EFF4922DD523500B9FE89 /* AppDelegate.h */ = {isa = PBXFileReference; lastKnownFileType = sourcecode.c.h; path = AppDelegate.h; sourceTree = "<group>"; };
		0E8EFF4A22DD523500B9FE89 /* AppDelegate.m */ = {isa = PBXFileReference; lastKnownFileType = sourcecode.c.objc; path = AppDelegate.m; sourceTree = "<group>"; };
		0E8EFF4C22DD523500B9FE89 /* LoginViewController.h */ = {isa = PBXFileReference; lastKnownFileType = sourcecode.c.h; path = LoginViewController.h; sourceTree = "<group>"; };
		0E8EFF4D22DD523500B9FE89 /* LoginViewController.m */ = {isa = PBXFileReference; lastKnownFileType = sourcecode.c.objc; path = LoginViewController.m; sourceTree = "<group>"; };
		0E8EFF5022DD523500B9FE89 /* Base */ = {isa = PBXFileReference; lastKnownFileType = file.storyboard; name = Base; path = Base.lproj/Main.storyboard; sourceTree = "<group>"; };
		0E8EFF5222DD523600B9FE89 /* Assets.xcassets */ = {isa = PBXFileReference; lastKnownFileType = folder.assetcatalog; path = Assets.xcassets; sourceTree = "<group>"; };
		0E8EFF5522DD523600B9FE89 /* Base */ = {isa = PBXFileReference; lastKnownFileType = file.storyboard; name = Base; path = Base.lproj/LaunchScreen.storyboard; sourceTree = "<group>"; };
		0E8EFF5722DD523600B9FE89 /* Info.plist */ = {isa = PBXFileReference; lastKnownFileType = text.plist.xml; path = Info.plist; sourceTree = "<group>"; };
		0E8EFF5822DD523600B9FE89 /* main.m */ = {isa = PBXFileReference; lastKnownFileType = sourcecode.c.objc; path = main.m; sourceTree = "<group>"; };
		0E8EFF5E22DD523600B9FE89 /* TaskUTests.xctest */ = {isa = PBXFileReference; explicitFileType = wrapper.cfbundle; includeInIndex = 0; path = TaskUTests.xctest; sourceTree = BUILT_PRODUCTS_DIR; };
		0E8EFF6222DD523600B9FE89 /* TaskUTests.m */ = {isa = PBXFileReference; lastKnownFileType = sourcecode.c.objc; path = TaskUTests.m; sourceTree = "<group>"; };
		0E8EFF6422DD523600B9FE89 /* Info.plist */ = {isa = PBXFileReference; lastKnownFileType = text.plist.xml; path = Info.plist; sourceTree = "<group>"; };
		0E8EFF6922DD523600B9FE89 /* TaskUUITests.xctest */ = {isa = PBXFileReference; explicitFileType = wrapper.cfbundle; includeInIndex = 0; path = TaskUUITests.xctest; sourceTree = BUILT_PRODUCTS_DIR; };
		0E8EFF6D22DD523600B9FE89 /* TaskUUITests.m */ = {isa = PBXFileReference; lastKnownFileType = sourcecode.c.objc; path = TaskUUITests.m; sourceTree = "<group>"; };
		0E8EFF6F22DD523600B9FE89 /* Info.plist */ = {isa = PBXFileReference; lastKnownFileType = text.plist.xml; path = Info.plist; sourceTree = "<group>"; };
		0EFEDA9822DFE6550075A9DD /* HomeCollectionViewCell.h */ = {isa = PBXFileReference; lastKnownFileType = sourcecode.c.h; path = HomeCollectionViewCell.h; sourceTree = "<group>"; };
		0EFEDA9922DFE6550075A9DD /* HomeCollectionViewCell.m */ = {isa = PBXFileReference; lastKnownFileType = sourcecode.c.objc; path = HomeCollectionViewCell.m; sourceTree = "<group>"; };
		110C126A22DFD693009DC7DB /* ProfileTableViewCell.h */ = {isa = PBXFileReference; lastKnownFileType = sourcecode.c.h; path = ProfileTableViewCell.h; sourceTree = "<group>"; };
		110C126B22DFD693009DC7DB /* ProfileTableViewCell.m */ = {isa = PBXFileReference; lastKnownFileType = sourcecode.c.objc; path = ProfileTableViewCell.m; sourceTree = "<group>"; };
		110C127022DFF50B009DC7DB /* EditProfileViewController.h */ = {isa = PBXFileReference; lastKnownFileType = sourcecode.c.h; path = EditProfileViewController.h; sourceTree = "<group>"; };
		110C127122DFF50B009DC7DB /* EditProfileViewController.m */ = {isa = PBXFileReference; lastKnownFileType = sourcecode.c.objc; path = EditProfileViewController.m; sourceTree = "<group>"; };
		110C127322E0E6F1009DC7DB /* newProfile.storyboard */ = {isa = PBXFileReference; fileEncoding = 4; lastKnownFileType = file.storyboard; path = newProfile.storyboard; sourceTree = "<group>"; };
		1131D37022E118B1004A235C /* EditPasswordViewController.h */ = {isa = PBXFileReference; lastKnownFileType = sourcecode.c.h; path = EditPasswordViewController.h; sourceTree = "<group>"; };
		1131D37122E118B1004A235C /* EditPasswordViewController.m */ = {isa = PBXFileReference; lastKnownFileType = sourcecode.c.objc; path = EditPasswordViewController.m; sourceTree = "<group>"; };
		1131D37422E129BC004A235C /* MainProfileViewController.h */ = {isa = PBXFileReference; lastKnownFileType = sourcecode.c.h; path = MainProfileViewController.h; sourceTree = "<group>"; };
		1131D37522E129BC004A235C /* MainProfileViewController.m */ = {isa = PBXFileReference; lastKnownFileType = sourcecode.c.objc; path = MainProfileViewController.m; sourceTree = "<group>"; };
		1131D37722E14738004A235C /* HomeView.storyboard */ = {isa = PBXFileReference; lastKnownFileType = file.storyboard; path = HomeView.storyboard; sourceTree = "<group>"; };
		118987AD22EF967E007F75C5 /* HomeHeaderView.h */ = {isa = PBXFileReference; lastKnownFileType = sourcecode.c.h; path = HomeHeaderView.h; sourceTree = "<group>"; };
		118987AE22EF967E007F75C5 /* HomeHeaderView.m */ = {isa = PBXFileReference; lastKnownFileType = sourcecode.c.objc; path = HomeHeaderView.m; sourceTree = "<group>"; };
		118987B122EFA0A7007F75C5 /* UIButtonExtension.h */ = {isa = PBXFileReference; lastKnownFileType = sourcecode.c.h; path = UIButtonExtension.h; sourceTree = "<group>"; };
		118987B222EFA0A7007F75C5 /* UIButtonExtension.m */ = {isa = PBXFileReference; lastKnownFileType = sourcecode.c.objc; path = UIButtonExtension.m; sourceTree = "<group>"; };
		118F6A3A22E93CF300299B25 /* Quicksand-Medium.ttf */ = {isa = PBXFileReference; lastKnownFileType = file; path = "Quicksand-Medium.ttf"; sourceTree = "<group>"; };
		118F6A3B22E93CF300299B25 /* Quicksand-Regular.ttf */ = {isa = PBXFileReference; lastKnownFileType = file; path = "Quicksand-Regular.ttf"; sourceTree = "<group>"; };
		118F6A3C22E93CF300299B25 /* Quicksand-Light.ttf */ = {isa = PBXFileReference; lastKnownFileType = file; path = "Quicksand-Light.ttf"; sourceTree = "<group>"; };
		118F6A3D22E93CF300299B25 /* Quicksand-Bold.ttf */ = {isa = PBXFileReference; lastKnownFileType = file; path = "Quicksand-Bold.ttf"; sourceTree = "<group>"; };
		118F6A4222E93D8200299B25 /* FreigSanProLigIt.otf */ = {isa = PBXFileReference; lastKnownFileType = file; path = FreigSanProLigIt.otf; sourceTree = "<group>"; };
		118F6A4322E93D8200299B25 /* FreigSanProMed.otf */ = {isa = PBXFileReference; lastKnownFileType = file; path = FreigSanProMed.otf; sourceTree = "<group>"; };
		118F6A4422E93D8200299B25 /* FreigSanProBook.otf */ = {isa = PBXFileReference; lastKnownFileType = file; path = FreigSanProBook.otf; sourceTree = "<group>"; };
		118F6A4522E93D8200299B25 /* FreigSanProBlk.otf */ = {isa = PBXFileReference; lastKnownFileType = file; path = FreigSanProBlk.otf; sourceTree = "<group>"; };
		118F6A4622E93D8200299B25 /* FreigSanProBoldIt.otf */ = {isa = PBXFileReference; lastKnownFileType = file; path = FreigSanProBoldIt.otf; sourceTree = "<group>"; };
		118F6A4722E93D8200299B25 /* FreigSanProBlkIt.otf */ = {isa = PBXFileReference; lastKnownFileType = file; path = FreigSanProBlkIt.otf; sourceTree = "<group>"; };
		118F6A4822E93D8200299B25 /* FreigSanProLig.otf */ = {isa = PBXFileReference; lastKnownFileType = file; path = FreigSanProLig.otf; sourceTree = "<group>"; };
		118F6A4922E93D8200299B25 /* FreigSanProMedIt.otf */ = {isa = PBXFileReference; lastKnownFileType = file; path = FreigSanProMedIt.otf; sourceTree = "<group>"; };
		118F6A4A22E93D8200299B25 /* FreigSanProBold.otf */ = {isa = PBXFileReference; lastKnownFileType = file; path = FreigSanProBold.otf; sourceTree = "<group>"; };
		118F6A4B22E93D8200299B25 /* FreigSanProSem.otf */ = {isa = PBXFileReference; lastKnownFileType = file; path = FreigSanProSem.otf; sourceTree = "<group>"; };
		118F6A4C22E93D8200299B25 /* FreigSanProBookIt.otf */ = {isa = PBXFileReference; lastKnownFileType = file; path = FreigSanProBookIt.otf; sourceTree = "<group>"; };
		118F6A4D22E93D8200299B25 /* FreigSanProSemIt.otf */ = {isa = PBXFileReference; lastKnownFileType = file; path = FreigSanProSemIt.otf; sourceTree = "<group>"; };
		11D2F50B22DE5D520065D70D /* Task.h */ = {isa = PBXFileReference; lastKnownFileType = sourcecode.c.h; path = Task.h; sourceTree = "<group>"; };
		11D2F50C22DE5D520065D70D /* Task.m */ = {isa = PBXFileReference; lastKnownFileType = sourcecode.c.objc; path = Task.m; sourceTree = "<group>"; };
		11D2F51022DE8C130065D70D /* newTask.storyboard */ = {isa = PBXFileReference; lastKnownFileType = file.storyboard; path = newTask.storyboard; sourceTree = "<group>"; };
		11D2F51222DE8CC30065D70D /* newTaskViewController.h */ = {isa = PBXFileReference; lastKnownFileType = sourcecode.c.h; path = newTaskViewController.h; sourceTree = "<group>"; };
		11D2F51322DE8CC30065D70D /* newTaskViewController.m */ = {isa = PBXFileReference; lastKnownFileType = sourcecode.c.objc; path = newTaskViewController.m; sourceTree = "<group>"; };
		1C1CFE7C6C006D8B4608EF80 /* Pods-TaskU.release.xcconfig */ = {isa = PBXFileReference; includeInIndex = 1; lastKnownFileType = text.xcconfig; name = "Pods-TaskU.release.xcconfig"; path = "Target Support Files/Pods-TaskU/Pods-TaskU.release.xcconfig"; sourceTree = "<group>"; };
		2AD1405BED2F0479B121B9D5 /* Pods-TaskU.debug.xcconfig */ = {isa = PBXFileReference; includeInIndex = 1; lastKnownFileType = text.xcconfig; name = "Pods-TaskU.debug.xcconfig"; path = "Target Support Files/Pods-TaskU/Pods-TaskU.debug.xcconfig"; sourceTree = "<group>"; };
		88CCEDA8F313441951F05FC8 /* Pods_TaskU.framework */ = {isa = PBXFileReference; explicitFileType = wrapper.framework; includeInIndex = 0; path = Pods_TaskU.framework; sourceTree = BUILT_PRODUCTS_DIR; };
		A582ED8875B8628B159CD99C /* Pods-TaskUUITests.debug.xcconfig */ = {isa = PBXFileReference; includeInIndex = 1; lastKnownFileType = text.xcconfig; name = "Pods-TaskUUITests.debug.xcconfig"; path = "Target Support Files/Pods-TaskUUITests/Pods-TaskUUITests.debug.xcconfig"; sourceTree = "<group>"; };
		B6B215909F60E683136A68BB /* Pods-TaskUTests.release.xcconfig */ = {isa = PBXFileReference; includeInIndex = 1; lastKnownFileType = text.xcconfig; name = "Pods-TaskUTests.release.xcconfig"; path = "Target Support Files/Pods-TaskUTests/Pods-TaskUTests.release.xcconfig"; sourceTree = "<group>"; };
		B902D13B22DE9A5B0080B87E /* Timeline1.storyboard */ = {isa = PBXFileReference; lastKnownFileType = file.storyboard; path = Timeline1.storyboard; sourceTree = "<group>"; };
		B902D13D22DE9DE40080B87E /* Timeline1ViewController.h */ = {isa = PBXFileReference; lastKnownFileType = sourcecode.c.h; path = Timeline1ViewController.h; sourceTree = "<group>"; };
		B902D13E22DE9DE40080B87E /* Timeline1ViewController.m */ = {isa = PBXFileReference; lastKnownFileType = sourcecode.c.objc; path = Timeline1ViewController.m; sourceTree = "<group>"; };
		B902D14022DE9F110080B87E /* TaskCell.h */ = {isa = PBXFileReference; lastKnownFileType = sourcecode.c.h; path = TaskCell.h; sourceTree = "<group>"; };
		B902D14122DE9F110080B87E /* TaskCell.m */ = {isa = PBXFileReference; lastKnownFileType = sourcecode.c.objc; path = TaskCell.m; sourceTree = "<group>"; };
		B902D14322DFC3380080B87E /* Details.storyboard */ = {isa = PBXFileReference; lastKnownFileType = file.storyboard; path = Details.storyboard; sourceTree = "<group>"; };
		B902D14522DFC5230080B87E /* DetailsViewController.h */ = {isa = PBXFileReference; lastKnownFileType = sourcecode.c.h; path = DetailsViewController.h; sourceTree = "<group>"; };
		B902D14622DFC5230080B87E /* DetailsViewController.m */ = {isa = PBXFileReference; lastKnownFileType = sourcecode.c.objc; path = DetailsViewController.m; sourceTree = "<group>"; };
		B902D14822E01FEC0080B87E /* DetailsStatusViewController.h */ = {isa = PBXFileReference; lastKnownFileType = sourcecode.c.h; path = DetailsStatusViewController.h; sourceTree = "<group>"; };
		B902D14922E01FEC0080B87E /* DetailsStatusViewController.m */ = {isa = PBXFileReference; lastKnownFileType = sourcecode.c.objc; path = DetailsStatusViewController.m; sourceTree = "<group>"; };
		B902D14B22E01FFD0080B87E /* DetailsInfoViewController.h */ = {isa = PBXFileReference; lastKnownFileType = sourcecode.c.h; path = DetailsInfoViewController.h; sourceTree = "<group>"; };
		B902D14C22E01FFD0080B87E /* DetailsInfoViewController.m */ = {isa = PBXFileReference; lastKnownFileType = sourcecode.c.objc; path = DetailsInfoViewController.m; sourceTree = "<group>"; };
		B902D19C22E61DBC0080B87E /* CurrentRequestsViewController.h */ = {isa = PBXFileReference; lastKnownFileType = sourcecode.c.h; path = CurrentRequestsViewController.h; sourceTree = "<group>"; };
		B902D19D22E61DBC0080B87E /* CurrentRequestsViewController.m */ = {isa = PBXFileReference; lastKnownFileType = sourcecode.c.objc; path = CurrentRequestsViewController.m; sourceTree = "<group>"; };
		B902D19F22E61DE20080B87E /* CompletedRequestsViewController.h */ = {isa = PBXFileReference; lastKnownFileType = sourcecode.c.h; path = CompletedRequestsViewController.h; sourceTree = "<group>"; };
		B902D1A022E61DE20080B87E /* CompletedRequestsViewController.m */ = {isa = PBXFileReference; lastKnownFileType = sourcecode.c.objc; path = CompletedRequestsViewController.m; sourceTree = "<group>"; };
		B902D1A222E677510080B87E /* CurrentMissionsViewController.h */ = {isa = PBXFileReference; lastKnownFileType = sourcecode.c.h; path = CurrentMissionsViewController.h; sourceTree = "<group>"; };
		B902D1A322E677510080B87E /* CurrentMissionsViewController.m */ = {isa = PBXFileReference; lastKnownFileType = sourcecode.c.objc; path = CurrentMissionsViewController.m; sourceTree = "<group>"; };
		B902D1A522E677650080B87E /* CompletedMissionsViewController.h */ = {isa = PBXFileReference; lastKnownFileType = sourcecode.c.h; path = CompletedMissionsViewController.h; sourceTree = "<group>"; };
		B902D1A622E677650080B87E /* CompletedMissionsViewController.m */ = {isa = PBXFileReference; lastKnownFileType = sourcecode.c.objc; path = CompletedMissionsViewController.m; sourceTree = "<group>"; };
		B902D1B022E7B8F50080B87E /* Message.storyboard */ = {isa = PBXFileReference; lastKnownFileType = file.storyboard; path = Message.storyboard; sourceTree = "<group>"; };
		B902D1B222E7BA090080B87E /* AllChatsViewController.h */ = {isa = PBXFileReference; lastKnownFileType = sourcecode.c.h; path = AllChatsViewController.h; sourceTree = "<group>"; };
		B902D1B322E7BA090080B87E /* AllChatsViewController.m */ = {isa = PBXFileReference; lastKnownFileType = sourcecode.c.objc; path = AllChatsViewController.m; sourceTree = "<group>"; };
		B902D1B522E7BA380080B87E /* ChatMessagesViewController.h */ = {isa = PBXFileReference; lastKnownFileType = sourcecode.c.h; path = ChatMessagesViewController.h; sourceTree = "<group>"; };
		B902D1B622E7BA380080B87E /* ChatMessagesViewController.m */ = {isa = PBXFileReference; lastKnownFileType = sourcecode.c.objc; path = ChatMessagesViewController.m; sourceTree = "<group>"; };
		B902D1C222E812D90080B87E /* ContactCell.h */ = {isa = PBXFileReference; lastKnownFileType = sourcecode.c.h; path = ContactCell.h; sourceTree = "<group>"; };
		B902D1C322E812D90080B87E /* ContactCell.m */ = {isa = PBXFileReference; lastKnownFileType = sourcecode.c.objc; path = ContactCell.m; sourceTree = "<group>"; };
		B902D1C522E8131F0080B87E /* YourMessageCell.h */ = {isa = PBXFileReference; lastKnownFileType = sourcecode.c.h; path = YourMessageCell.h; sourceTree = "<group>"; };
		B902D1C622E8131F0080B87E /* YourMessageCell.m */ = {isa = PBXFileReference; lastKnownFileType = sourcecode.c.objc; path = YourMessageCell.m; sourceTree = "<group>"; };
		B902D1C822E8133F0080B87E /* MyMessageCell.h */ = {isa = PBXFileReference; lastKnownFileType = sourcecode.c.h; path = MyMessageCell.h; sourceTree = "<group>"; };
		B902D1C922E8133F0080B87E /* MyMessageCell.m */ = {isa = PBXFileReference; lastKnownFileType = sourcecode.c.objc; path = MyMessageCell.m; sourceTree = "<group>"; };
		B902D1CB22E8140A0080B87E /* Message.h */ = {isa = PBXFileReference; lastKnownFileType = sourcecode.c.h; path = Message.h; sourceTree = "<group>"; };
		B902D1CC22E8140A0080B87E /* Message.m */ = {isa = PBXFileReference; lastKnownFileType = sourcecode.c.objc; path = Message.m; sourceTree = "<group>"; };
		B935548422F0AA150088A419 /* TaskCellView.xib */ = {isa = PBXFileReference; lastKnownFileType = file.xib; path = TaskCellView.xib; sourceTree = "<group>"; };
		B935548622F13B930088A419 /* TaskCellView2.xib */ = {isa = PBXFileReference; lastKnownFileType = file.xib; path = TaskCellView2.xib; sourceTree = "<group>"; };
		CC3C2998FB29B4D4693AFA0E /* Pods-TaskUTests.debug.xcconfig */ = {isa = PBXFileReference; includeInIndex = 1; lastKnownFileType = text.xcconfig; name = "Pods-TaskUTests.debug.xcconfig"; path = "Target Support Files/Pods-TaskUTests/Pods-TaskUTests.debug.xcconfig"; sourceTree = "<group>"; };
		D48B896C384CE49B05E8B294 /* Pods_TaskUUITests.framework */ = {isa = PBXFileReference; explicitFileType = wrapper.framework; includeInIndex = 0; path = Pods_TaskUUITests.framework; sourceTree = BUILT_PRODUCTS_DIR; };
		E15982F03980D47DAE8F8736 /* Pods_TaskUTests.framework */ = {isa = PBXFileReference; explicitFileType = wrapper.framework; includeInIndex = 0; path = Pods_TaskUTests.framework; sourceTree = BUILT_PRODUCTS_DIR; };
		E9676F53AB3A8D8BE9E180FB /* Pods-TaskUUITests.release.xcconfig */ = {isa = PBXFileReference; includeInIndex = 1; lastKnownFileType = text.xcconfig; name = "Pods-TaskUUITests.release.xcconfig"; path = "Target Support Files/Pods-TaskUUITests/Pods-TaskUUITests.release.xcconfig"; sourceTree = "<group>"; };
/* End PBXFileReference section */

/* Begin PBXFrameworksBuildPhase section */
		0E8EFF4322DD523500B9FE89 /* Frameworks */ = {
			isa = PBXFrameworksBuildPhase;
			buildActionMask = 2147483647;
			files = (
				7AF2BDEABCE537A6B60761A2 /* Pods_TaskU.framework in Frameworks */,
			);
			runOnlyForDeploymentPostprocessing = 0;
		};
		0E8EFF5B22DD523600B9FE89 /* Frameworks */ = {
			isa = PBXFrameworksBuildPhase;
			buildActionMask = 2147483647;
			files = (
				F408FE75A3A725D8B5D450B9 /* Pods_TaskUTests.framework in Frameworks */,
			);
			runOnlyForDeploymentPostprocessing = 0;
		};
		0E8EFF6622DD523600B9FE89 /* Frameworks */ = {
			isa = PBXFrameworksBuildPhase;
			buildActionMask = 2147483647;
			files = (
				EA8AF07189071D6D31AEDBA1 /* Pods_TaskUUITests.framework in Frameworks */,
			);
			runOnlyForDeploymentPostprocessing = 0;
		};
/* End PBXFrameworksBuildPhase section */

/* Begin PBXGroup section */
		0E45A03922DD9182005D798F /* View Controllers */ = {
			isa = PBXGroup;
			children = (
				0E8EFF4C22DD523500B9FE89 /* LoginViewController.h */,
				0E8EFF4D22DD523500B9FE89 /* LoginViewController.m */,
				0E45A03B22DD92B8005D798F /* SignUpViewController.h */,
				0E45A03C22DD92B8005D798F /* SignUpViewController.m */,
				0E45A03E22DD92CF005D798F /* HomeViewController.h */,
				0E45A03F22DD92CF005D798F /* HomeViewController.m */,
				0E45A04122DD92ED005D798F /* RequestsViewController.h */,
				0E45A04222DD92ED005D798F /* RequestsViewController.m */,
				0E45A04522DD9308005D798F /* MissionsViewController.h */,
				0E45A04622DD9308005D798F /* MissionsViewController.m */,
				0E45A04A22DD9322005D798F /* ProfileViewController.h */,
				0E45A04B22DD9322005D798F /* ProfileViewController.m */,
				11D2F51222DE8CC30065D70D /* newTaskViewController.h */,
				11D2F51322DE8CC30065D70D /* newTaskViewController.m */,
				110C127022DFF50B009DC7DB /* EditProfileViewController.h */,
				110C127122DFF50B009DC7DB /* EditProfileViewController.m */,
				B902D14522DFC5230080B87E /* DetailsViewController.h */,
				B902D14622DFC5230080B87E /* DetailsViewController.m */,
				B902D14B22E01FFD0080B87E /* DetailsInfoViewController.h */,
				B902D14C22E01FFD0080B87E /* DetailsInfoViewController.m */,
				1131D37022E118B1004A235C /* EditPasswordViewController.h */,
				1131D37122E118B1004A235C /* EditPasswordViewController.m */,
				1131D37422E129BC004A235C /* MainProfileViewController.h */,
				1131D37522E129BC004A235C /* MainProfileViewController.m */,
				B902D19C22E61DBC0080B87E /* CurrentRequestsViewController.h */,
				B902D19D22E61DBC0080B87E /* CurrentRequestsViewController.m */,
				B902D19F22E61DE20080B87E /* CompletedRequestsViewController.h */,
				B902D1A022E61DE20080B87E /* CompletedRequestsViewController.m */,
				B902D1A222E677510080B87E /* CurrentMissionsViewController.h */,
				B902D1A322E677510080B87E /* CurrentMissionsViewController.m */,
				B902D1A522E677650080B87E /* CompletedMissionsViewController.h */,
				B902D1A622E677650080B87E /* CompletedMissionsViewController.m */,
				B902D13D22DE9DE40080B87E /* Timeline1ViewController.h */,
				B902D13E22DE9DE40080B87E /* Timeline1ViewController.m */,
				B902D14822E01FEC0080B87E /* DetailsStatusViewController.h */,
				B902D14922E01FEC0080B87E /* DetailsStatusViewController.m */,
				0E1F7C7E22E5221C0003FD6C /* LocationsViewController.h */,
				0E1F7C7F22E5221C0003FD6C /* LocationsViewController.m */,
				B902D1B222E7BA090080B87E /* AllChatsViewController.h */,
				B902D1B322E7BA090080B87E /* AllChatsViewController.m */,
				B902D1B522E7BA380080B87E /* ChatMessagesViewController.h */,
				B902D1B622E7BA380080B87E /* ChatMessagesViewController.m */,
			);
			path = "View Controllers";
			sourceTree = "<group>";
		};
		0E45A03A22DD91A4005D798F /* Models */ = {
			isa = PBXGroup;
			children = (
				11D2F50B22DE5D520065D70D /* Task.h */,
				11D2F50C22DE5D520065D70D /* Task.m */,
				0E8EFF4922DD523500B9FE89 /* AppDelegate.h */,
				0E8EFF4A22DD523500B9FE89 /* AppDelegate.m */,
				0E8EFF5222DD523600B9FE89 /* Assets.xcassets */,
				0E8EFF5422DD523600B9FE89 /* LaunchScreen.storyboard */,
				0E8EFF5822DD523600B9FE89 /* main.m */,
				110C126A22DFD693009DC7DB /* ProfileTableViewCell.h */,
				110C126B22DFD693009DC7DB /* ProfileTableViewCell.m */,
				B902D14022DE9F110080B87E /* TaskCell.h */,
				B902D14122DE9F110080B87E /* TaskCell.m */,
				B902D1C222E812D90080B87E /* ContactCell.h */,
				B902D1C322E812D90080B87E /* ContactCell.m */,
				B902D1C522E8131F0080B87E /* YourMessageCell.h */,
				B902D1C622E8131F0080B87E /* YourMessageCell.m */,
				B902D1C822E8133F0080B87E /* MyMessageCell.h */,
				B902D1C922E8133F0080B87E /* MyMessageCell.m */,
				B902D1CB22E8140A0080B87E /* Message.h */,
				B902D1CC22E8140A0080B87E /* Message.m */,
			);
			path = Models;
			sourceTree = "<group>";
		};
		0E45A05122DE5E7A005D798F /* Storyboards */ = {
			isa = PBXGroup;
			children = (
				0E8EFF4F22DD523500B9FE89 /* Main.storyboard */,
				1131D37722E14738004A235C /* HomeView.storyboard */,
				0E45A05222DE5EDA005D798F /* Requests.storyboard */,
				0E45A05422DE5EF2005D798F /* Missions.storyboard */,
				B902D13B22DE9A5B0080B87E /* Timeline1.storyboard */,
				B902D14322DFC3380080B87E /* Details.storyboard */,
				11D2F51022DE8C130065D70D /* newTask.storyboard */,
				110C127322E0E6F1009DC7DB /* newProfile.storyboard */,
				B902D1B022E7B8F50080B87E /* Message.storyboard */,
			);
			path = Storyboards;
			sourceTree = "<group>";
		};
		0E8EFF3D22DD523500B9FE89 = {
			isa = PBXGroup;
			children = (
				0E8EFF4822DD523500B9FE89 /* TaskU */,
				0E8EFF6122DD523600B9FE89 /* TaskUTests */,
				0E8EFF6C22DD523600B9FE89 /* TaskUUITests */,
				0E8EFF4722DD523500B9FE89 /* Products */,
				EC2E1F4B5115CDED7FCB96FC /* Pods */,
				AB956C80AE2403F898C9CBEA /* Frameworks */,
			);
			sourceTree = "<group>";
		};
		0E8EFF4722DD523500B9FE89 /* Products */ = {
			isa = PBXGroup;
			children = (
				0E8EFF4622DD523500B9FE89 /* TaskU.app */,
				0E8EFF5E22DD523600B9FE89 /* TaskUTests.xctest */,
				0E8EFF6922DD523600B9FE89 /* TaskUUITests.xctest */,
			);
			name = Products;
			sourceTree = "<group>";
		};
		0E8EFF4822DD523500B9FE89 /* TaskU */ = {
			isa = PBXGroup;
			children = (
				118987B022EFA085007F75C5 /* Extensions */,
				118F6A3922E93CC800299B25 /* Fonts */,
				B902D1B822E7EAEF0080B87E /* New Group */,
				0E8EFF5722DD523600B9FE89 /* Info.plist */,
				0E45A03922DD9182005D798F /* View Controllers */,
				0E45A05122DE5E7A005D798F /* Storyboards */,
				0EFEDA9722DFE6160075A9DD /* Views */,
				0E45A03A22DD91A4005D798F /* Models */,
			);
			path = TaskU;
			sourceTree = "<group>";
		};
		0E8EFF6122DD523600B9FE89 /* TaskUTests */ = {
			isa = PBXGroup;
			children = (
				0E8EFF6222DD523600B9FE89 /* TaskUTests.m */,
				0E8EFF6422DD523600B9FE89 /* Info.plist */,
			);
			path = TaskUTests;
			sourceTree = "<group>";
		};
		0E8EFF6C22DD523600B9FE89 /* TaskUUITests */ = {
			isa = PBXGroup;
			children = (
				0E8EFF6D22DD523600B9FE89 /* TaskUUITests.m */,
				0E8EFF6F22DD523600B9FE89 /* Info.plist */,
			);
			path = TaskUUITests;
			sourceTree = "<group>";
		};
		0EFEDA9722DFE6160075A9DD /* Views */ = {
			isa = PBXGroup;
			children = (
				0EFEDA9822DFE6550075A9DD /* HomeCollectionViewCell.h */,
				0EFEDA9922DFE6550075A9DD /* HomeCollectionViewCell.m */,
				0E1F7C7822E520EB0003FD6C /* LocationCell.h */,
				0E1F7C7922E520EB0003FD6C /* LocationCell.m */,
				118987AD22EF967E007F75C5 /* HomeHeaderView.h */,
				118987AE22EF967E007F75C5 /* HomeHeaderView.m */,
				B935548422F0AA150088A419 /* TaskCellView.xib */,
				B935548622F13B930088A419 /* TaskCellView2.xib */,
			);
			path = Views;
			sourceTree = "<group>";
		};
		118987B022EFA085007F75C5 /* Extensions */ = {
			isa = PBXGroup;
			children = (
				118987B122EFA0A7007F75C5 /* UIButtonExtension.h */,
				118987B222EFA0A7007F75C5 /* UIButtonExtension.m */,
			);
			path = Extensions;
			sourceTree = "<group>";
		};
		118F6A3922E93CC800299B25 /* Fonts */ = {
			isa = PBXGroup;
			children = (
				118F6A4522E93D8200299B25 /* FreigSanProBlk.otf */,
				118F6A4722E93D8200299B25 /* FreigSanProBlkIt.otf */,
				118F6A4A22E93D8200299B25 /* FreigSanProBold.otf */,
				118F6A4622E93D8200299B25 /* FreigSanProBoldIt.otf */,
				118F6A4422E93D8200299B25 /* FreigSanProBook.otf */,
				118F6A4C22E93D8200299B25 /* FreigSanProBookIt.otf */,
				118F6A4822E93D8200299B25 /* FreigSanProLig.otf */,
				118F6A4222E93D8200299B25 /* FreigSanProLigIt.otf */,
				118F6A4322E93D8200299B25 /* FreigSanProMed.otf */,
				118F6A4922E93D8200299B25 /* FreigSanProMedIt.otf */,
				118F6A4B22E93D8200299B25 /* FreigSanProSem.otf */,
				118F6A4D22E93D8200299B25 /* FreigSanProSemIt.otf */,
				118F6A3D22E93CF300299B25 /* Quicksand-Bold.ttf */,
				118F6A3C22E93CF300299B25 /* Quicksand-Light.ttf */,
				118F6A3A22E93CF300299B25 /* Quicksand-Medium.ttf */,
				118F6A3B22E93CF300299B25 /* Quicksand-Regular.ttf */,
			);
			path = Fonts;
			sourceTree = "<group>";
		};
		AB956C80AE2403F898C9CBEA /* Frameworks */ = {
			isa = PBXGroup;
			children = (
				88CCEDA8F313441951F05FC8 /* Pods_TaskU.framework */,
				E15982F03980D47DAE8F8736 /* Pods_TaskUTests.framework */,
				D48B896C384CE49B05E8B294 /* Pods_TaskUUITests.framework */,
			);
			name = Frameworks;
			sourceTree = "<group>";
		};
		B902D1B822E7EAEF0080B87E /* New Group */ = {
			isa = PBXGroup;
			children = (
			);
			path = "New Group";
			sourceTree = "<group>";
		};
		EC2E1F4B5115CDED7FCB96FC /* Pods */ = {
			isa = PBXGroup;
			children = (
				2AD1405BED2F0479B121B9D5 /* Pods-TaskU.debug.xcconfig */,
				1C1CFE7C6C006D8B4608EF80 /* Pods-TaskU.release.xcconfig */,
				CC3C2998FB29B4D4693AFA0E /* Pods-TaskUTests.debug.xcconfig */,
				B6B215909F60E683136A68BB /* Pods-TaskUTests.release.xcconfig */,
				A582ED8875B8628B159CD99C /* Pods-TaskUUITests.debug.xcconfig */,
				E9676F53AB3A8D8BE9E180FB /* Pods-TaskUUITests.release.xcconfig */,
			);
			path = Pods;
			sourceTree = "<group>";
		};
/* End PBXGroup section */

/* Begin PBXNativeTarget section */
		0E8EFF4522DD523500B9FE89 /* TaskU */ = {
			isa = PBXNativeTarget;
			buildConfigurationList = 0E8EFF7222DD523600B9FE89 /* Build configuration list for PBXNativeTarget "TaskU" */;
			buildPhases = (
				B787CEF78CC863A40D6ACED1 /* [CP] Check Pods Manifest.lock */,
				0E8EFF4222DD523500B9FE89 /* Sources */,
				0E8EFF4322DD523500B9FE89 /* Frameworks */,
				0E8EFF4422DD523500B9FE89 /* Resources */,
				8B10D60D8862014341CD6B69 /* [CP] Embed Pods Frameworks */,
			);
			buildRules = (
			);
			dependencies = (
			);
			name = TaskU;
			productName = TaskU;
			productReference = 0E8EFF4622DD523500B9FE89 /* TaskU.app */;
			productType = "com.apple.product-type.application";
		};
		0E8EFF5D22DD523600B9FE89 /* TaskUTests */ = {
			isa = PBXNativeTarget;
			buildConfigurationList = 0E8EFF7522DD523600B9FE89 /* Build configuration list for PBXNativeTarget "TaskUTests" */;
			buildPhases = (
				6674457D5782A86ECC95B7EA /* [CP] Check Pods Manifest.lock */,
				0E8EFF5A22DD523600B9FE89 /* Sources */,
				0E8EFF5B22DD523600B9FE89 /* Frameworks */,
				0E8EFF5C22DD523600B9FE89 /* Resources */,
			);
			buildRules = (
			);
			dependencies = (
				0E8EFF6022DD523600B9FE89 /* PBXTargetDependency */,
			);
			name = TaskUTests;
			productName = TaskUTests;
			productReference = 0E8EFF5E22DD523600B9FE89 /* TaskUTests.xctest */;
			productType = "com.apple.product-type.bundle.unit-test";
		};
		0E8EFF6822DD523600B9FE89 /* TaskUUITests */ = {
			isa = PBXNativeTarget;
			buildConfigurationList = 0E8EFF7822DD523600B9FE89 /* Build configuration list for PBXNativeTarget "TaskUUITests" */;
			buildPhases = (
				A94A1321C04D35F773CBA93D /* [CP] Check Pods Manifest.lock */,
				0E8EFF6522DD523600B9FE89 /* Sources */,
				0E8EFF6622DD523600B9FE89 /* Frameworks */,
				0E8EFF6722DD523600B9FE89 /* Resources */,
			);
			buildRules = (
			);
			dependencies = (
				0E8EFF6B22DD523600B9FE89 /* PBXTargetDependency */,
			);
			name = TaskUUITests;
			productName = TaskUUITests;
			productReference = 0E8EFF6922DD523600B9FE89 /* TaskUUITests.xctest */;
			productType = "com.apple.product-type.bundle.ui-testing";
		};
/* End PBXNativeTarget section */

/* Begin PBXProject section */
		0E8EFF3E22DD523500B9FE89 /* Project object */ = {
			isa = PBXProject;
			attributes = {
				LastUpgradeCheck = 1020;
				ORGANIZATIONNAME = rhaypapenfuzz;
				TargetAttributes = {
					0E8EFF4522DD523500B9FE89 = {
						CreatedOnToolsVersion = 10.2.1;
						LastSwiftMigration = 1020;
					};
					0E8EFF5D22DD523600B9FE89 = {
						CreatedOnToolsVersion = 10.2.1;
						TestTargetID = 0E8EFF4522DD523500B9FE89;
					};
					0E8EFF6822DD523600B9FE89 = {
						CreatedOnToolsVersion = 10.2.1;
						TestTargetID = 0E8EFF4522DD523500B9FE89;
					};
				};
			};
			buildConfigurationList = 0E8EFF4122DD523500B9FE89 /* Build configuration list for PBXProject "TaskU" */;
			compatibilityVersion = "Xcode 9.3";
			developmentRegion = en;
			hasScannedForEncodings = 0;
			knownRegions = (
				en,
				Base,
			);
			mainGroup = 0E8EFF3D22DD523500B9FE89;
			productRefGroup = 0E8EFF4722DD523500B9FE89 /* Products */;
			projectDirPath = "";
			projectRoot = "";
			targets = (
				0E8EFF4522DD523500B9FE89 /* TaskU */,
				0E8EFF5D22DD523600B9FE89 /* TaskUTests */,
				0E8EFF6822DD523600B9FE89 /* TaskUUITests */,
			);
		};
/* End PBXProject section */

/* Begin PBXResourcesBuildPhase section */
		0E8EFF4422DD523500B9FE89 /* Resources */ = {
			isa = PBXResourcesBuildPhase;
			buildActionMask = 2147483647;
			files = (
				1131D37822E14738004A235C /* HomeView.storyboard in Resources */,
				B935548722F13B930088A419 /* TaskCellView2.xib in Resources */,
				110C127422E0E6F1009DC7DB /* newProfile.storyboard in Resources */,
				0E8EFF5622DD523600B9FE89 /* LaunchScreen.storyboard in Resources */,
				B935548522F0AA150088A419 /* TaskCellView.xib in Resources */,
				118F6A4022E93CF300299B25 /* Quicksand-Light.ttf in Resources */,
				118F6A4E22E93D8200299B25 /* FreigSanProLigIt.otf in Resources */,
				118F6A5922E93D8200299B25 /* FreigSanProSemIt.otf in Resources */,
				118F6A4122E93CF300299B25 /* Quicksand-Bold.ttf in Resources */,
				0E45A05522DE5EF3005D798F /* Missions.storyboard in Resources */,
				118F6A5022E93D8200299B25 /* FreigSanProBook.otf in Resources */,
				0E8EFF5322DD523600B9FE89 /* Assets.xcassets in Resources */,
				118F6A5422E93D8200299B25 /* FreigSanProLig.otf in Resources */,
				118F6A3E22E93CF300299B25 /* Quicksand-Medium.ttf in Resources */,
				118F6A5222E93D8200299B25 /* FreigSanProBoldIt.otf in Resources */,
				B902D13C22DE9A5B0080B87E /* Timeline1.storyboard in Resources */,
				118F6A5522E93D8200299B25 /* FreigSanProMedIt.otf in Resources */,
				118F6A3F22E93CF300299B25 /* Quicksand-Regular.ttf in Resources */,
				B902D1B122E7B8F50080B87E /* Message.storyboard in Resources */,
				118F6A5822E93D8200299B25 /* FreigSanProBookIt.otf in Resources */,
				118F6A4F22E93D8200299B25 /* FreigSanProMed.otf in Resources */,
				118F6A5122E93D8200299B25 /* FreigSanProBlk.otf in Resources */,
				118F6A5722E93D8200299B25 /* FreigSanProSem.otf in Resources */,
				0E8EFF5122DD523500B9FE89 /* Main.storyboard in Resources */,
				118F6A5622E93D8200299B25 /* FreigSanProBold.otf in Resources */,
				0E45A05322DE5EDA005D798F /* Requests.storyboard in Resources */,
				B902D14422DFC3380080B87E /* Details.storyboard in Resources */,
				11D2F51122DE8C130065D70D /* newTask.storyboard in Resources */,
				118F6A5322E93D8200299B25 /* FreigSanProBlkIt.otf in Resources */,
			);
			runOnlyForDeploymentPostprocessing = 0;
		};
		0E8EFF5C22DD523600B9FE89 /* Resources */ = {
			isa = PBXResourcesBuildPhase;
			buildActionMask = 2147483647;
			files = (
			);
			runOnlyForDeploymentPostprocessing = 0;
		};
		0E8EFF6722DD523600B9FE89 /* Resources */ = {
			isa = PBXResourcesBuildPhase;
			buildActionMask = 2147483647;
			files = (
			);
			runOnlyForDeploymentPostprocessing = 0;
		};
/* End PBXResourcesBuildPhase section */

/* Begin PBXShellScriptBuildPhase section */
		6674457D5782A86ECC95B7EA /* [CP] Check Pods Manifest.lock */ = {
			isa = PBXShellScriptBuildPhase;
			buildActionMask = 2147483647;
			files = (
			);
			inputFileListPaths = (
			);
			inputPaths = (
				"${PODS_PODFILE_DIR_PATH}/Podfile.lock",
				"${PODS_ROOT}/Manifest.lock",
			);
			name = "[CP] Check Pods Manifest.lock";
			outputFileListPaths = (
			);
			outputPaths = (
				"$(DERIVED_FILE_DIR)/Pods-TaskUTests-checkManifestLockResult.txt",
			);
			runOnlyForDeploymentPostprocessing = 0;
			shellPath = /bin/sh;
			shellScript = "diff \"${PODS_PODFILE_DIR_PATH}/Podfile.lock\" \"${PODS_ROOT}/Manifest.lock\" > /dev/null\nif [ $? != 0 ] ; then\n    # print error to STDERR\n    echo \"error: The sandbox is not in sync with the Podfile.lock. Run 'pod install' or update your CocoaPods installation.\" >&2\n    exit 1\nfi\n# This output is used by Xcode 'outputs' to avoid re-running this script phase.\necho \"SUCCESS\" > \"${SCRIPT_OUTPUT_FILE_0}\"\n";
			showEnvVarsInLog = 0;
		};
		8B10D60D8862014341CD6B69 /* [CP] Embed Pods Frameworks */ = {
			isa = PBXShellScriptBuildPhase;
			buildActionMask = 2147483647;
			files = (
			);
			inputFileListPaths = (
				"${PODS_ROOT}/Target Support Files/Pods-TaskU/Pods-TaskU-frameworks-${CONFIGURATION}-input-files.xcfilelist",
			);
			name = "[CP] Embed Pods Frameworks";
			outputFileListPaths = (
				"${PODS_ROOT}/Target Support Files/Pods-TaskU/Pods-TaskU-frameworks-${CONFIGURATION}-output-files.xcfilelist",
			);
			runOnlyForDeploymentPostprocessing = 0;
			shellPath = /bin/sh;
			shellScript = "\"${PODS_ROOT}/Target Support Files/Pods-TaskU/Pods-TaskU-frameworks.sh\"\n";
			showEnvVarsInLog = 0;
		};
		A94A1321C04D35F773CBA93D /* [CP] Check Pods Manifest.lock */ = {
			isa = PBXShellScriptBuildPhase;
			buildActionMask = 2147483647;
			files = (
			);
			inputFileListPaths = (
			);
			inputPaths = (
				"${PODS_PODFILE_DIR_PATH}/Podfile.lock",
				"${PODS_ROOT}/Manifest.lock",
			);
			name = "[CP] Check Pods Manifest.lock";
			outputFileListPaths = (
			);
			outputPaths = (
				"$(DERIVED_FILE_DIR)/Pods-TaskUUITests-checkManifestLockResult.txt",
			);
			runOnlyForDeploymentPostprocessing = 0;
			shellPath = /bin/sh;
			shellScript = "diff \"${PODS_PODFILE_DIR_PATH}/Podfile.lock\" \"${PODS_ROOT}/Manifest.lock\" > /dev/null\nif [ $? != 0 ] ; then\n    # print error to STDERR\n    echo \"error: The sandbox is not in sync with the Podfile.lock. Run 'pod install' or update your CocoaPods installation.\" >&2\n    exit 1\nfi\n# This output is used by Xcode 'outputs' to avoid re-running this script phase.\necho \"SUCCESS\" > \"${SCRIPT_OUTPUT_FILE_0}\"\n";
			showEnvVarsInLog = 0;
		};
		B787CEF78CC863A40D6ACED1 /* [CP] Check Pods Manifest.lock */ = {
			isa = PBXShellScriptBuildPhase;
			buildActionMask = 2147483647;
			files = (
			);
			inputFileListPaths = (
			);
			inputPaths = (
				"${PODS_PODFILE_DIR_PATH}/Podfile.lock",
				"${PODS_ROOT}/Manifest.lock",
			);
			name = "[CP] Check Pods Manifest.lock";
			outputFileListPaths = (
			);
			outputPaths = (
				"$(DERIVED_FILE_DIR)/Pods-TaskU-checkManifestLockResult.txt",
			);
			runOnlyForDeploymentPostprocessing = 0;
			shellPath = /bin/sh;
			shellScript = "diff \"${PODS_PODFILE_DIR_PATH}/Podfile.lock\" \"${PODS_ROOT}/Manifest.lock\" > /dev/null\nif [ $? != 0 ] ; then\n    # print error to STDERR\n    echo \"error: The sandbox is not in sync with the Podfile.lock. Run 'pod install' or update your CocoaPods installation.\" >&2\n    exit 1\nfi\n# This output is used by Xcode 'outputs' to avoid re-running this script phase.\necho \"SUCCESS\" > \"${SCRIPT_OUTPUT_FILE_0}\"\n";
			showEnvVarsInLog = 0;
		};
/* End PBXShellScriptBuildPhase section */

/* Begin PBXSourcesBuildPhase section */
		0E8EFF4222DD523500B9FE89 /* Sources */ = {
			isa = PBXSourcesBuildPhase;
			buildActionMask = 2147483647;
			files = (
				0E8EFF4E22DD523500B9FE89 /* LoginViewController.m in Sources */,
				B902D1CA22E8133F0080B87E /* MyMessageCell.m in Sources */,
				B902D1A422E677510080B87E /* CurrentMissionsViewController.m in Sources */,
				B902D1A722E677650080B87E /* CompletedMissionsViewController.m in Sources */,
				0E8EFF5922DD523600B9FE89 /* main.m in Sources */,
				B902D1C722E8131F0080B87E /* YourMessageCell.m in Sources */,
				B902D1B422E7BA090080B87E /* AllChatsViewController.m in Sources */,
				0E45A04C22DD9322005D798F /* ProfileViewController.m in Sources */,
				B902D1B722E7BA380080B87E /* ChatMessagesViewController.m in Sources */,
				B902D14D22E01FFD0080B87E /* DetailsInfoViewController.m in Sources */,
				1131D37622E129BC004A235C /* MainProfileViewController.m in Sources */,
				110C126C22DFD693009DC7DB /* ProfileTableViewCell.m in Sources */,
				118987AF22EF967E007F75C5 /* HomeHeaderView.m in Sources */,
				1131D37222E118B1004A235C /* EditPasswordViewController.m in Sources */,
				0EFEDA9A22DFE6550075A9DD /* HomeCollectionViewCell.m in Sources */,
				0E45A04322DD92ED005D798F /* RequestsViewController.m in Sources */,
				B902D14722DFC5230080B87E /* DetailsViewController.m in Sources */,
				B902D19E22E61DBC0080B87E /* CurrentRequestsViewController.m in Sources */,
				B902D1CD22E8140A0080B87E /* Message.m in Sources */,
				B902D14222DE9F110080B87E /* TaskCell.m in Sources */,
				0E45A04322DD92ED005D798F /* RequestsViewController.m in Sources */,
				B902D14A22E01FEC0080B87E /* DetailsStatusViewController.m in Sources */,
				B902D1A122E61DE20080B87E /* CompletedRequestsViewController.m in Sources */,
				0E45A03D22DD92B8005D798F /* SignUpViewController.m in Sources */,
				B902D1C422E812D90080B87E /* ContactCell.m in Sources */,
				0E45A04722DD9308005D798F /* MissionsViewController.m in Sources */,
				110C127222DFF50B009DC7DB /* EditProfileViewController.m in Sources */,
				0E45A04022DD92CF005D798F /* HomeViewController.m in Sources */,
				B902D13F22DE9DE40080B87E /* Timeline1ViewController.m in Sources */,
				11D2F50D22DE5D520065D70D /* Task.m in Sources */,
				1131D37322E12096004A235C /* newTaskViewController.m in Sources */,
				0E1F7C7A22E520EB0003FD6C /* LocationCell.m in Sources */,
				1177A79422EFB08B00D1561F /* UIButtonExtension.m in Sources */,
				0E8EFF4B22DD523500B9FE89 /* AppDelegate.m in Sources */,
				0E1F7C8022E5221C0003FD6C /* LocationsViewController.m in Sources */,
			);
			runOnlyForDeploymentPostprocessing = 0;
		};
		0E8EFF5A22DD523600B9FE89 /* Sources */ = {
			isa = PBXSourcesBuildPhase;
			buildActionMask = 2147483647;
			files = (
				0E8EFF6322DD523600B9FE89 /* TaskUTests.m in Sources */,
			);
			runOnlyForDeploymentPostprocessing = 0;
		};
		0E8EFF6522DD523600B9FE89 /* Sources */ = {
			isa = PBXSourcesBuildPhase;
			buildActionMask = 2147483647;
			files = (
				0E8EFF6E22DD523600B9FE89 /* TaskUUITests.m in Sources */,
			);
			runOnlyForDeploymentPostprocessing = 0;
		};
/* End PBXSourcesBuildPhase section */

/* Begin PBXTargetDependency section */
		0E8EFF6022DD523600B9FE89 /* PBXTargetDependency */ = {
			isa = PBXTargetDependency;
			target = 0E8EFF4522DD523500B9FE89 /* TaskU */;
			targetProxy = 0E8EFF5F22DD523600B9FE89 /* PBXContainerItemProxy */;
		};
		0E8EFF6B22DD523600B9FE89 /* PBXTargetDependency */ = {
			isa = PBXTargetDependency;
			target = 0E8EFF4522DD523500B9FE89 /* TaskU */;
			targetProxy = 0E8EFF6A22DD523600B9FE89 /* PBXContainerItemProxy */;
		};
/* End PBXTargetDependency section */

/* Begin PBXVariantGroup section */
		0E8EFF4F22DD523500B9FE89 /* Main.storyboard */ = {
			isa = PBXVariantGroup;
			children = (
				0E8EFF5022DD523500B9FE89 /* Base */,
			);
			name = Main.storyboard;
			sourceTree = "<group>";
		};
		0E8EFF5422DD523600B9FE89 /* LaunchScreen.storyboard */ = {
			isa = PBXVariantGroup;
			children = (
				0E8EFF5522DD523600B9FE89 /* Base */,
			);
			name = LaunchScreen.storyboard;
			sourceTree = "<group>";
		};
/* End PBXVariantGroup section */

/* Begin XCBuildConfiguration section */
		0E8EFF7022DD523600B9FE89 /* Debug */ = {
			isa = XCBuildConfiguration;
			buildSettings = {
				ALWAYS_SEARCH_USER_PATHS = NO;
				CLANG_ANALYZER_NONNULL = YES;
				CLANG_ANALYZER_NUMBER_OBJECT_CONVERSION = YES_AGGRESSIVE;
				CLANG_CXX_LANGUAGE_STANDARD = "gnu++14";
				CLANG_CXX_LIBRARY = "libc++";
				CLANG_ENABLE_MODULES = YES;
				CLANG_ENABLE_OBJC_ARC = YES;
				CLANG_ENABLE_OBJC_WEAK = YES;
				CLANG_WARN_BLOCK_CAPTURE_AUTORELEASING = YES;
				CLANG_WARN_BOOL_CONVERSION = YES;
				CLANG_WARN_COMMA = YES;
				CLANG_WARN_CONSTANT_CONVERSION = YES;
				CLANG_WARN_DEPRECATED_OBJC_IMPLEMENTATIONS = YES;
				CLANG_WARN_DIRECT_OBJC_ISA_USAGE = YES_ERROR;
				CLANG_WARN_DOCUMENTATION_COMMENTS = YES;
				CLANG_WARN_EMPTY_BODY = YES;
				CLANG_WARN_ENUM_CONVERSION = YES;
				CLANG_WARN_INFINITE_RECURSION = YES;
				CLANG_WARN_INT_CONVERSION = YES;
				CLANG_WARN_NON_LITERAL_NULL_CONVERSION = YES;
				CLANG_WARN_OBJC_IMPLICIT_RETAIN_SELF = YES;
				CLANG_WARN_OBJC_LITERAL_CONVERSION = YES;
				CLANG_WARN_OBJC_ROOT_CLASS = YES_ERROR;
				CLANG_WARN_RANGE_LOOP_ANALYSIS = YES;
				CLANG_WARN_STRICT_PROTOTYPES = YES;
				CLANG_WARN_SUSPICIOUS_MOVE = YES;
				CLANG_WARN_UNGUARDED_AVAILABILITY = YES_AGGRESSIVE;
				CLANG_WARN_UNREACHABLE_CODE = YES;
				CLANG_WARN__DUPLICATE_METHOD_MATCH = YES;
				CODE_SIGN_IDENTITY = "iPhone Developer";
				COPY_PHASE_STRIP = NO;
				DEBUG_INFORMATION_FORMAT = dwarf;
				ENABLE_STRICT_OBJC_MSGSEND = YES;
				ENABLE_TESTABILITY = YES;
				GCC_C_LANGUAGE_STANDARD = gnu11;
				GCC_DYNAMIC_NO_PIC = NO;
				GCC_NO_COMMON_BLOCKS = YES;
				GCC_OPTIMIZATION_LEVEL = 0;
				GCC_PREPROCESSOR_DEFINITIONS = (
					"DEBUG=1",
					"$(inherited)",
				);
				GCC_WARN_64_TO_32_BIT_CONVERSION = YES;
				GCC_WARN_ABOUT_RETURN_TYPE = YES_ERROR;
				GCC_WARN_UNDECLARED_SELECTOR = YES;
				GCC_WARN_UNINITIALIZED_AUTOS = YES_AGGRESSIVE;
				GCC_WARN_UNUSED_FUNCTION = YES;
				GCC_WARN_UNUSED_VARIABLE = YES;
				IPHONEOS_DEPLOYMENT_TARGET = 12.2;
				MTL_ENABLE_DEBUG_INFO = INCLUDE_SOURCE;
				MTL_FAST_MATH = YES;
				ONLY_ACTIVE_ARCH = YES;
				OTHER_LDFLAGS = "-ObjC";
				SDKROOT = iphoneos;
			};
			name = Debug;
		};
		0E8EFF7122DD523600B9FE89 /* Release */ = {
			isa = XCBuildConfiguration;
			buildSettings = {
				ALWAYS_SEARCH_USER_PATHS = NO;
				CLANG_ANALYZER_NONNULL = YES;
				CLANG_ANALYZER_NUMBER_OBJECT_CONVERSION = YES_AGGRESSIVE;
				CLANG_CXX_LANGUAGE_STANDARD = "gnu++14";
				CLANG_CXX_LIBRARY = "libc++";
				CLANG_ENABLE_MODULES = YES;
				CLANG_ENABLE_OBJC_ARC = YES;
				CLANG_ENABLE_OBJC_WEAK = YES;
				CLANG_WARN_BLOCK_CAPTURE_AUTORELEASING = YES;
				CLANG_WARN_BOOL_CONVERSION = YES;
				CLANG_WARN_COMMA = YES;
				CLANG_WARN_CONSTANT_CONVERSION = YES;
				CLANG_WARN_DEPRECATED_OBJC_IMPLEMENTATIONS = YES;
				CLANG_WARN_DIRECT_OBJC_ISA_USAGE = YES_ERROR;
				CLANG_WARN_DOCUMENTATION_COMMENTS = YES;
				CLANG_WARN_EMPTY_BODY = YES;
				CLANG_WARN_ENUM_CONVERSION = YES;
				CLANG_WARN_INFINITE_RECURSION = YES;
				CLANG_WARN_INT_CONVERSION = YES;
				CLANG_WARN_NON_LITERAL_NULL_CONVERSION = YES;
				CLANG_WARN_OBJC_IMPLICIT_RETAIN_SELF = YES;
				CLANG_WARN_OBJC_LITERAL_CONVERSION = YES;
				CLANG_WARN_OBJC_ROOT_CLASS = YES_ERROR;
				CLANG_WARN_RANGE_LOOP_ANALYSIS = YES;
				CLANG_WARN_STRICT_PROTOTYPES = YES;
				CLANG_WARN_SUSPICIOUS_MOVE = YES;
				CLANG_WARN_UNGUARDED_AVAILABILITY = YES_AGGRESSIVE;
				CLANG_WARN_UNREACHABLE_CODE = YES;
				CLANG_WARN__DUPLICATE_METHOD_MATCH = YES;
				CODE_SIGN_IDENTITY = "iPhone Developer";
				COPY_PHASE_STRIP = NO;
				DEBUG_INFORMATION_FORMAT = "dwarf-with-dsym";
				ENABLE_NS_ASSERTIONS = NO;
				ENABLE_STRICT_OBJC_MSGSEND = YES;
				GCC_C_LANGUAGE_STANDARD = gnu11;
				GCC_NO_COMMON_BLOCKS = YES;
				GCC_WARN_64_TO_32_BIT_CONVERSION = YES;
				GCC_WARN_ABOUT_RETURN_TYPE = YES_ERROR;
				GCC_WARN_UNDECLARED_SELECTOR = YES;
				GCC_WARN_UNINITIALIZED_AUTOS = YES_AGGRESSIVE;
				GCC_WARN_UNUSED_FUNCTION = YES;
				GCC_WARN_UNUSED_VARIABLE = YES;
				IPHONEOS_DEPLOYMENT_TARGET = 12.2;
				MTL_ENABLE_DEBUG_INFO = NO;
				MTL_FAST_MATH = YES;
				OTHER_LDFLAGS = "-ObjC";
				SDKROOT = iphoneos;
				VALIDATE_PRODUCT = YES;
			};
			name = Release;
		};
		0E8EFF7322DD523600B9FE89 /* Debug */ = {
			isa = XCBuildConfiguration;
			baseConfigurationReference = 2AD1405BED2F0479B121B9D5 /* Pods-TaskU.debug.xcconfig */;
			buildSettings = {
				ASSETCATALOG_COMPILER_APPICON_NAME = AppIcon;
				CLANG_ENABLE_MODULES = YES;
				CODE_SIGN_STYLE = Automatic;
				DEVELOPMENT_TEAM = "";
				INFOPLIST_FILE = TaskU/Info.plist;
				LD_RUNPATH_SEARCH_PATHS = (
					"$(inherited)",
					"@executable_path/Frameworks",
				);
				PRODUCT_BUNDLE_IDENTIFIER = com.codepath.TaskU;
				PRODUCT_NAME = "$(TARGET_NAME)";
				SWIFT_OPTIMIZATION_LEVEL = "-Onone";
				SWIFT_VERSION = 5.0;
				TARGETED_DEVICE_FAMILY = "1,2";
			};
			name = Debug;
		};
		0E8EFF7422DD523600B9FE89 /* Release */ = {
			isa = XCBuildConfiguration;
			baseConfigurationReference = 1C1CFE7C6C006D8B4608EF80 /* Pods-TaskU.release.xcconfig */;
			buildSettings = {
				ASSETCATALOG_COMPILER_APPICON_NAME = AppIcon;
				CLANG_ENABLE_MODULES = YES;
				CODE_SIGN_STYLE = Automatic;
				DEVELOPMENT_TEAM = "";
				INFOPLIST_FILE = TaskU/Info.plist;
				LD_RUNPATH_SEARCH_PATHS = (
					"$(inherited)",
					"@executable_path/Frameworks",
				);
				PRODUCT_BUNDLE_IDENTIFIER = com.codepath.TaskU;
				PRODUCT_NAME = "$(TARGET_NAME)";
				SWIFT_VERSION = 5.0;
				TARGETED_DEVICE_FAMILY = "1,2";
			};
			name = Release;
		};
		0E8EFF7622DD523600B9FE89 /* Debug */ = {
			isa = XCBuildConfiguration;
			baseConfigurationReference = CC3C2998FB29B4D4693AFA0E /* Pods-TaskUTests.debug.xcconfig */;
			buildSettings = {
				BUNDLE_LOADER = "$(TEST_HOST)";
				CODE_SIGN_STYLE = Automatic;
				DEVELOPMENT_TEAM = B7R4TAWA36;
				INFOPLIST_FILE = TaskUTests/Info.plist;
				LD_RUNPATH_SEARCH_PATHS = (
					"$(inherited)",
					"@executable_path/Frameworks",
					"@loader_path/Frameworks",
				);
				PRODUCT_BUNDLE_IDENTIFIER = com.codepath.TaskUTests;
				PRODUCT_NAME = "$(TARGET_NAME)";
				TARGETED_DEVICE_FAMILY = "1,2";
				TEST_HOST = "$(BUILT_PRODUCTS_DIR)/TaskU.app/TaskU";
			};
			name = Debug;
		};
		0E8EFF7722DD523600B9FE89 /* Release */ = {
			isa = XCBuildConfiguration;
			baseConfigurationReference = B6B215909F60E683136A68BB /* Pods-TaskUTests.release.xcconfig */;
			buildSettings = {
				BUNDLE_LOADER = "$(TEST_HOST)";
				CODE_SIGN_STYLE = Automatic;
				DEVELOPMENT_TEAM = B7R4TAWA36;
				INFOPLIST_FILE = TaskUTests/Info.plist;
				LD_RUNPATH_SEARCH_PATHS = (
					"$(inherited)",
					"@executable_path/Frameworks",
					"@loader_path/Frameworks",
				);
				PRODUCT_BUNDLE_IDENTIFIER = com.codepath.TaskUTests;
				PRODUCT_NAME = "$(TARGET_NAME)";
				TARGETED_DEVICE_FAMILY = "1,2";
				TEST_HOST = "$(BUILT_PRODUCTS_DIR)/TaskU.app/TaskU";
			};
			name = Release;
		};
		0E8EFF7922DD523600B9FE89 /* Debug */ = {
			isa = XCBuildConfiguration;
			baseConfigurationReference = A582ED8875B8628B159CD99C /* Pods-TaskUUITests.debug.xcconfig */;
			buildSettings = {
				CODE_SIGN_STYLE = Automatic;
				DEVELOPMENT_TEAM = B7R4TAWA36;
				INFOPLIST_FILE = TaskUUITests/Info.plist;
				LD_RUNPATH_SEARCH_PATHS = (
					"$(inherited)",
					"@executable_path/Frameworks",
					"@loader_path/Frameworks",
				);
				PRODUCT_BUNDLE_IDENTIFIER = com.codepath.TaskUUITests;
				PRODUCT_NAME = "$(TARGET_NAME)";
				TARGETED_DEVICE_FAMILY = "1,2";
				TEST_TARGET_NAME = TaskU;
			};
			name = Debug;
		};
		0E8EFF7A22DD523600B9FE89 /* Release */ = {
			isa = XCBuildConfiguration;
			baseConfigurationReference = E9676F53AB3A8D8BE9E180FB /* Pods-TaskUUITests.release.xcconfig */;
			buildSettings = {
				CODE_SIGN_STYLE = Automatic;
				DEVELOPMENT_TEAM = B7R4TAWA36;
				INFOPLIST_FILE = TaskUUITests/Info.plist;
				LD_RUNPATH_SEARCH_PATHS = (
					"$(inherited)",
					"@executable_path/Frameworks",
					"@loader_path/Frameworks",
				);
				PRODUCT_BUNDLE_IDENTIFIER = com.codepath.TaskUUITests;
				PRODUCT_NAME = "$(TARGET_NAME)";
				TARGETED_DEVICE_FAMILY = "1,2";
				TEST_TARGET_NAME = TaskU;
			};
			name = Release;
		};
/* End XCBuildConfiguration section */

/* Begin XCConfigurationList section */
		0E8EFF4122DD523500B9FE89 /* Build configuration list for PBXProject "TaskU" */ = {
			isa = XCConfigurationList;
			buildConfigurations = (
				0E8EFF7022DD523600B9FE89 /* Debug */,
				0E8EFF7122DD523600B9FE89 /* Release */,
			);
			defaultConfigurationIsVisible = 0;
			defaultConfigurationName = Release;
		};
		0E8EFF7222DD523600B9FE89 /* Build configuration list for PBXNativeTarget "TaskU" */ = {
			isa = XCConfigurationList;
			buildConfigurations = (
				0E8EFF7322DD523600B9FE89 /* Debug */,
				0E8EFF7422DD523600B9FE89 /* Release */,
			);
			defaultConfigurationIsVisible = 0;
			defaultConfigurationName = Release;
		};
		0E8EFF7522DD523600B9FE89 /* Build configuration list for PBXNativeTarget "TaskUTests" */ = {
			isa = XCConfigurationList;
			buildConfigurations = (
				0E8EFF7622DD523600B9FE89 /* Debug */,
				0E8EFF7722DD523600B9FE89 /* Release */,
			);
			defaultConfigurationIsVisible = 0;
			defaultConfigurationName = Release;
		};
		0E8EFF7822DD523600B9FE89 /* Build configuration list for PBXNativeTarget "TaskUUITests" */ = {
			isa = XCConfigurationList;
			buildConfigurations = (
				0E8EFF7922DD523600B9FE89 /* Debug */,
				0E8EFF7A22DD523600B9FE89 /* Release */,
			);
			defaultConfigurationIsVisible = 0;
			defaultConfigurationName = Release;
		};
/* End XCConfigurationList section */
	};
	rootObject = 0E8EFF3E22DD523500B9FE89 /* Project object */;
}
